// !$*UTF8*$!
{
	archiveVersion = 1;
	classes = {
	};
	objectVersion = 51;
	objects = {

/* Begin PBXBuildFile section */
		B43F103B1499CADC4FAFD550 /* Pods_RouteTracker_RouteTrackerUITests.framework in Frameworks */ = {isa = PBXBuildFile; fileRef = C93D14A14A990DC9D9063435 /* Pods_RouteTracker_RouteTrackerUITests.framework */; };
		CE61FF53243125BA007F2413 /* GoogleMapView.swift in Sources */ = {isa = PBXBuildFile; fileRef = CE61FF52243125BA007F2413 /* GoogleMapView.swift */; };
		CE61FF552431330E007F2413 /* HeaderControlView.swift in Sources */ = {isa = PBXBuildFile; fileRef = CE61FF542431330E007F2413 /* HeaderControlView.swift */; };
		CE61FF592431360D007F2413 /* LocationManager.swift in Sources */ = {isa = PBXBuildFile; fileRef = CE61FF582431360D007F2413 /* LocationManager.swift */; };
		CEF71EBE243120AF00056A88 /* AppDelegate.swift in Sources */ = {isa = PBXBuildFile; fileRef = CEF71EBD243120AF00056A88 /* AppDelegate.swift */; };
		CEF71EC0243120AF00056A88 /* SceneDelegate.swift in Sources */ = {isa = PBXBuildFile; fileRef = CEF71EBF243120AF00056A88 /* SceneDelegate.swift */; };
		CEF71EC2243120AF00056A88 /* ViewController.swift in Sources */ = {isa = PBXBuildFile; fileRef = CEF71EC1243120AF00056A88 /* ViewController.swift */; };
		CEF71EC5243120AF00056A88 /* Main.storyboard in Resources */ = {isa = PBXBuildFile; fileRef = CEF71EC3243120AF00056A88 /* Main.storyboard */; };
		CEF71EC7243120B100056A88 /* Assets.xcassets in Resources */ = {isa = PBXBuildFile; fileRef = CEF71EC6243120B100056A88 /* Assets.xcassets */; };
		CEF71ECA243120B100056A88 /* LaunchScreen.storyboard in Resources */ = {isa = PBXBuildFile; fileRef = CEF71EC8243120B100056A88 /* LaunchScreen.storyboard */; };
		CEF71ED5243120B100056A88 /* RouteTrackerTests.swift in Sources */ = {isa = PBXBuildFile; fileRef = CEF71ED4243120B100056A88 /* RouteTrackerTests.swift */; };
		CEF71EE0243120B100056A88 /* RouteTrackerUITests.swift in Sources */ = {isa = PBXBuildFile; fileRef = CEF71EDF243120B100056A88 /* RouteTrackerUITests.swift */; };
		D04802BDB0EB2D3236F7729A /* Pods_RouteTracker.framework in Frameworks */ = {isa = PBXBuildFile; fileRef = 5EB3E8AEA03CF58FFC9513EE /* Pods_RouteTracker.framework */; };
		FA3590AA6DF3E79C103A2425 /* Pods_RouteTrackerTests.framework in Frameworks */ = {isa = PBXBuildFile; fileRef = D8BFA409D3A7F62C2D81B33F /* Pods_RouteTrackerTests.framework */; };
/* End PBXBuildFile section */

/* Begin PBXContainerItemProxy section */
		CEF71ED1243120B100056A88 /* PBXContainerItemProxy */ = {
			isa = PBXContainerItemProxy;
			containerPortal = CEF71EB2243120AF00056A88 /* Project object */;
			proxyType = 1;
			remoteGlobalIDString = CEF71EB9243120AF00056A88;
			remoteInfo = RouteTracker;
		};
		CEF71EDC243120B100056A88 /* PBXContainerItemProxy */ = {
			isa = PBXContainerItemProxy;
			containerPortal = CEF71EB2243120AF00056A88 /* Project object */;
			proxyType = 1;
			remoteGlobalIDString = CEF71EB9243120AF00056A88;
			remoteInfo = RouteTracker;
		};
/* End PBXContainerItemProxy section */

/* Begin PBXFileReference section */
		35394742E485C5BBA4A2103E /* Pods-RouteTracker.debug.xcconfig */ = {isa = PBXFileReference; includeInIndex = 1; lastKnownFileType = text.xcconfig; name = "Pods-RouteTracker.debug.xcconfig"; path = "Target Support Files/Pods-RouteTracker/Pods-RouteTracker.debug.xcconfig"; sourceTree = "<group>"; };
		3D7670B47A2B6119C81439AC /* Pods-RouteTracker-RouteTrackerUITests.debug.xcconfig */ = {isa = PBXFileReference; includeInIndex = 1; lastKnownFileType = text.xcconfig; name = "Pods-RouteTracker-RouteTrackerUITests.debug.xcconfig"; path = "Target Support Files/Pods-RouteTracker-RouteTrackerUITests/Pods-RouteTracker-RouteTrackerUITests.debug.xcconfig"; sourceTree = "<group>"; };
		3FFBB09D37E4B3384E8A2655 /* Pods-RouteTracker.release.xcconfig */ = {isa = PBXFileReference; includeInIndex = 1; lastKnownFileType = text.xcconfig; name = "Pods-RouteTracker.release.xcconfig"; path = "Target Support Files/Pods-RouteTracker/Pods-RouteTracker.release.xcconfig"; sourceTree = "<group>"; };
		481C967FB72E9B8678818ABD /* Pods-RouteTracker-RouteTrackerUITests.release.xcconfig */ = {isa = PBXFileReference; includeInIndex = 1; lastKnownFileType = text.xcconfig; name = "Pods-RouteTracker-RouteTrackerUITests.release.xcconfig"; path = "Target Support Files/Pods-RouteTracker-RouteTrackerUITests/Pods-RouteTracker-RouteTrackerUITests.release.xcconfig"; sourceTree = "<group>"; };
		5EB3E8AEA03CF58FFC9513EE /* Pods_RouteTracker.framework */ = {isa = PBXFileReference; explicitFileType = wrapper.framework; includeInIndex = 0; path = Pods_RouteTracker.framework; sourceTree = BUILT_PRODUCTS_DIR; };
		7E02F5AC75CCE8FD97B368B2 /* Pods-RouteTrackerTests.release.xcconfig */ = {isa = PBXFileReference; includeInIndex = 1; lastKnownFileType = text.xcconfig; name = "Pods-RouteTrackerTests.release.xcconfig"; path = "Target Support Files/Pods-RouteTrackerTests/Pods-RouteTrackerTests.release.xcconfig"; sourceTree = "<group>"; };
		9ADAB5EDCA432C27BE41D0B2 /* Pods-RouteTrackerTests.debug.xcconfig */ = {isa = PBXFileReference; includeInIndex = 1; lastKnownFileType = text.xcconfig; name = "Pods-RouteTrackerTests.debug.xcconfig"; path = "Target Support Files/Pods-RouteTrackerTests/Pods-RouteTrackerTests.debug.xcconfig"; sourceTree = "<group>"; };
		C93D14A14A990DC9D9063435 /* Pods_RouteTracker_RouteTrackerUITests.framework */ = {isa = PBXFileReference; explicitFileType = wrapper.framework; includeInIndex = 0; path = Pods_RouteTracker_RouteTrackerUITests.framework; sourceTree = BUILT_PRODUCTS_DIR; };
		CE61FF52243125BA007F2413 /* GoogleMapView.swift */ = {isa = PBXFileReference; lastKnownFileType = sourcecode.swift; path = GoogleMapView.swift; sourceTree = "<group>"; };
		CE61FF542431330E007F2413 /* HeaderControlView.swift */ = {isa = PBXFileReference; lastKnownFileType = sourcecode.swift; path = HeaderControlView.swift; sourceTree = "<group>"; };
		CE61FF582431360D007F2413 /* LocationManager.swift */ = {isa = PBXFileReference; lastKnownFileType = sourcecode.swift; path = LocationManager.swift; sourceTree = "<group>"; };
		CEF71EBA243120AF00056A88 /* RouteTracker.app */ = {isa = PBXFileReference; explicitFileType = wrapper.application; includeInIndex = 0; path = RouteTracker.app; sourceTree = BUILT_PRODUCTS_DIR; };
		CEF71EBD243120AF00056A88 /* AppDelegate.swift */ = {isa = PBXFileReference; lastKnownFileType = sourcecode.swift; path = AppDelegate.swift; sourceTree = "<group>"; };
		CEF71EBF243120AF00056A88 /* SceneDelegate.swift */ = {isa = PBXFileReference; lastKnownFileType = sourcecode.swift; path = SceneDelegate.swift; sourceTree = "<group>"; };
		CEF71EC1243120AF00056A88 /* ViewController.swift */ = {isa = PBXFileReference; lastKnownFileType = sourcecode.swift; path = ViewController.swift; sourceTree = "<group>"; };
		CEF71EC4243120AF00056A88 /* Base */ = {isa = PBXFileReference; lastKnownFileType = file.storyboard; name = Base; path = Base.lproj/Main.storyboard; sourceTree = "<group>"; };
		CEF71EC6243120B100056A88 /* Assets.xcassets */ = {isa = PBXFileReference; lastKnownFileType = folder.assetcatalog; path = Assets.xcassets; sourceTree = "<group>"; };
		CEF71EC9243120B100056A88 /* Base */ = {isa = PBXFileReference; lastKnownFileType = file.storyboard; name = Base; path = Base.lproj/LaunchScreen.storyboard; sourceTree = "<group>"; };
		CEF71ECB243120B100056A88 /* Info.plist */ = {isa = PBXFileReference; lastKnownFileType = text.plist.xml; path = Info.plist; sourceTree = "<group>"; };
		CEF71ED0243120B100056A88 /* RouteTrackerTests.xctest */ = {isa = PBXFileReference; explicitFileType = wrapper.cfbundle; includeInIndex = 0; path = RouteTrackerTests.xctest; sourceTree = BUILT_PRODUCTS_DIR; };
		CEF71ED4243120B100056A88 /* RouteTrackerTests.swift */ = {isa = PBXFileReference; lastKnownFileType = sourcecode.swift; path = RouteTrackerTests.swift; sourceTree = "<group>"; };
		CEF71ED6243120B100056A88 /* Info.plist */ = {isa = PBXFileReference; lastKnownFileType = text.plist.xml; path = Info.plist; sourceTree = "<group>"; };
		CEF71EDB243120B100056A88 /* RouteTrackerUITests.xctest */ = {isa = PBXFileReference; explicitFileType = wrapper.cfbundle; includeInIndex = 0; path = RouteTrackerUITests.xctest; sourceTree = BUILT_PRODUCTS_DIR; };
		CEF71EDF243120B100056A88 /* RouteTrackerUITests.swift */ = {isa = PBXFileReference; lastKnownFileType = sourcecode.swift; path = RouteTrackerUITests.swift; sourceTree = "<group>"; };
		CEF71EE1243120B100056A88 /* Info.plist */ = {isa = PBXFileReference; lastKnownFileType = text.plist.xml; path = Info.plist; sourceTree = "<group>"; };
		D8BFA409D3A7F62C2D81B33F /* Pods_RouteTrackerTests.framework */ = {isa = PBXFileReference; explicitFileType = wrapper.framework; includeInIndex = 0; path = Pods_RouteTrackerTests.framework; sourceTree = BUILT_PRODUCTS_DIR; };
/* End PBXFileReference section */

/* Begin PBXFrameworksBuildPhase section */
		CEF71EB7243120AF00056A88 /* Frameworks */ = {
			isa = PBXFrameworksBuildPhase;
			buildActionMask = 2147483647;
			files = (
				D04802BDB0EB2D3236F7729A /* Pods_RouteTracker.framework in Frameworks */,
			);
			runOnlyForDeploymentPostprocessing = 0;
		};
		CEF71ECD243120B100056A88 /* Frameworks */ = {
			isa = PBXFrameworksBuildPhase;
			buildActionMask = 2147483647;
			files = (
				FA3590AA6DF3E79C103A2425 /* Pods_RouteTrackerTests.framework in Frameworks */,
			);
			runOnlyForDeploymentPostprocessing = 0;
		};
		CEF71ED8243120B100056A88 /* Frameworks */ = {
			isa = PBXFrameworksBuildPhase;
			buildActionMask = 2147483647;
			files = (
				B43F103B1499CADC4FAFD550 /* Pods_RouteTracker_RouteTrackerUITests.framework in Frameworks */,
			);
			runOnlyForDeploymentPostprocessing = 0;
		};
/* End PBXFrameworksBuildPhase section */

/* Begin PBXGroup section */
		2A074BCC5EEF54BFA8BDE4CC /* Pods */ = {
			isa = PBXGroup;
			children = (
				35394742E485C5BBA4A2103E /* Pods-RouteTracker.debug.xcconfig */,
				3FFBB09D37E4B3384E8A2655 /* Pods-RouteTracker.release.xcconfig */,
				3D7670B47A2B6119C81439AC /* Pods-RouteTracker-RouteTrackerUITests.debug.xcconfig */,
				481C967FB72E9B8678818ABD /* Pods-RouteTracker-RouteTrackerUITests.release.xcconfig */,
				9ADAB5EDCA432C27BE41D0B2 /* Pods-RouteTrackerTests.debug.xcconfig */,
				7E02F5AC75CCE8FD97B368B2 /* Pods-RouteTrackerTests.release.xcconfig */,
			);
			path = Pods;
			sourceTree = "<group>";
		};
		687B82FC7ED4BA72F0C2BA87 /* Frameworks */ = {
			isa = PBXGroup;
			children = (
				5EB3E8AEA03CF58FFC9513EE /* Pods_RouteTracker.framework */,
				C93D14A14A990DC9D9063435 /* Pods_RouteTracker_RouteTrackerUITests.framework */,
				D8BFA409D3A7F62C2D81B33F /* Pods_RouteTrackerTests.framework */,
			);
			name = Frameworks;
			sourceTree = "<group>";
		};
		CE61FF5124312589007F2413 /* UI */ = {
			isa = PBXGroup;
			children = (
				CE61FF542431330E007F2413 /* HeaderControlView.swift */,
				CE61FF52243125BA007F2413 /* GoogleMapView.swift */,
			);
			path = UI;
			sourceTree = "<group>";
		};
		CE61FF56243135C2007F2413 /* Core */ = {
			isa = PBXGroup;
			children = (
				CE61FF57243135DE007F2413 /* LocationManager */,
			);
			path = Core;
			sourceTree = "<group>";
		};
		CE61FF57243135DE007F2413 /* LocationManager */ = {
			isa = PBXGroup;
			children = (
				CE61FF582431360D007F2413 /* LocationManager.swift */,
			);
			path = LocationManager;
			sourceTree = "<group>";
		};
		CEF71EB1243120AF00056A88 = {
			isa = PBXGroup;
			children = (
				CEF71EBC243120AF00056A88 /* RouteTracker */,
				CEF71ED3243120B100056A88 /* RouteTrackerTests */,
				CEF71EDE243120B100056A88 /* RouteTrackerUITests */,
				CEF71EBB243120AF00056A88 /* Products */,
				2A074BCC5EEF54BFA8BDE4CC /* Pods */,
				687B82FC7ED4BA72F0C2BA87 /* Frameworks */,
			);
			sourceTree = "<group>";
		};
		CEF71EBB243120AF00056A88 /* Products */ = {
			isa = PBXGroup;
			children = (
				CEF71EBA243120AF00056A88 /* RouteTracker.app */,
				CEF71ED0243120B100056A88 /* RouteTrackerTests.xctest */,
				CEF71EDB243120B100056A88 /* RouteTrackerUITests.xctest */,
			);
			name = Products;
			sourceTree = "<group>";
		};
		CEF71EBC243120AF00056A88 /* RouteTracker */ = {
			isa = PBXGroup;
			children = (
				CEF71EBD243120AF00056A88 /* AppDelegate.swift */,
				CEF71EBF243120AF00056A88 /* SceneDelegate.swift */,
				CEF71EC1243120AF00056A88 /* ViewController.swift */,
				CEF71EC3243120AF00056A88 /* Main.storyboard */,
				CE61FF56243135C2007F2413 /* Core */,
				CE61FF5124312589007F2413 /* UI */,
				CEF71EC6243120B100056A88 /* Assets.xcassets */,
				CEF71EC8243120B100056A88 /* LaunchScreen.storyboard */,
				CEF71ECB243120B100056A88 /* Info.plist */,
			);
			path = RouteTracker;
			sourceTree = "<group>";
		};
		CEF71ED3243120B100056A88 /* RouteTrackerTests */ = {
			isa = PBXGroup;
			children = (
				CEF71ED4243120B100056A88 /* RouteTrackerTests.swift */,
				CEF71ED6243120B100056A88 /* Info.plist */,
			);
			path = RouteTrackerTests;
			sourceTree = "<group>";
		};
		CEF71EDE243120B100056A88 /* RouteTrackerUITests */ = {
			isa = PBXGroup;
			children = (
				CEF71EDF243120B100056A88 /* RouteTrackerUITests.swift */,
				CEF71EE1243120B100056A88 /* Info.plist */,
			);
			path = RouteTrackerUITests;
			sourceTree = "<group>";
		};
/* End PBXGroup section */

/* Begin PBXNativeTarget section */
		CEF71EB9243120AF00056A88 /* RouteTracker */ = {
			isa = PBXNativeTarget;
			buildConfigurationList = CEF71EE4243120B100056A88 /* Build configuration list for PBXNativeTarget "RouteTracker" */;
			buildPhases = (
				AE4E50BB148B7499C8D74AF1 /* [CP] Check Pods Manifest.lock */,
				CEF71EB6243120AF00056A88 /* Sources */,
				CEF71EB7243120AF00056A88 /* Frameworks */,
				CEF71EB8243120AF00056A88 /* Resources */,
				0B63AC2657F637ECFA999DDD /* [CP] Copy Pods Resources */,
			);
			buildRules = (
			);
			dependencies = (
			);
			name = RouteTracker;
			productName = RouteTracker;
			productReference = CEF71EBA243120AF00056A88 /* RouteTracker.app */;
			productType = "com.apple.product-type.application";
		};
		CEF71ECF243120B100056A88 /* RouteTrackerTests */ = {
			isa = PBXNativeTarget;
			buildConfigurationList = CEF71EE7243120B100056A88 /* Build configuration list for PBXNativeTarget "RouteTrackerTests" */;
			buildPhases = (
				72FA51CEA4C446770C1FD57C /* [CP] Check Pods Manifest.lock */,
				CEF71ECC243120B100056A88 /* Sources */,
				CEF71ECD243120B100056A88 /* Frameworks */,
				CEF71ECE243120B100056A88 /* Resources */,
			);
			buildRules = (
			);
			dependencies = (
				CEF71ED2243120B100056A88 /* PBXTargetDependency */,
			);
			name = RouteTrackerTests;
			productName = RouteTrackerTests;
			productReference = CEF71ED0243120B100056A88 /* RouteTrackerTests.xctest */;
			productType = "com.apple.product-type.bundle.unit-test";
		};
		CEF71EDA243120B100056A88 /* RouteTrackerUITests */ = {
			isa = PBXNativeTarget;
			buildConfigurationList = CEF71EEA243120B100056A88 /* Build configuration list for PBXNativeTarget "RouteTrackerUITests" */;
			buildPhases = (
				37F2D7CEFB6FF128F2A9560E /* [CP] Check Pods Manifest.lock */,
				CEF71ED7243120B100056A88 /* Sources */,
				CEF71ED8243120B100056A88 /* Frameworks */,
				CEF71ED9243120B100056A88 /* Resources */,
				3E34B9D03EA7FE65642438BF /* [CP] Copy Pods Resources */,
			);
			buildRules = (
			);
			dependencies = (
				CEF71EDD243120B100056A88 /* PBXTargetDependency */,
			);
			name = RouteTrackerUITests;
			productName = RouteTrackerUITests;
			productReference = CEF71EDB243120B100056A88 /* RouteTrackerUITests.xctest */;
			productType = "com.apple.product-type.bundle.ui-testing";
		};
/* End PBXNativeTarget section */

/* Begin PBXProject section */
		CEF71EB2243120AF00056A88 /* Project object */ = {
			isa = PBXProject;
			attributes = {
				LastSwiftUpdateCheck = 1140;
				LastUpgradeCheck = 1140;
				ORGANIZATIONNAME = "Igor Gapanovich";
				TargetAttributes = {
					CEF71EB9243120AF00056A88 = {
						CreatedOnToolsVersion = 11.4;
					};
					CEF71ECF243120B100056A88 = {
						CreatedOnToolsVersion = 11.4;
						TestTargetID = CEF71EB9243120AF00056A88;
					};
					CEF71EDA243120B100056A88 = {
						CreatedOnToolsVersion = 11.4;
						TestTargetID = CEF71EB9243120AF00056A88;
					};
				};
			};
			buildConfigurationList = CEF71EB5243120AF00056A88 /* Build configuration list for PBXProject "RouteTracker" */;
			compatibilityVersion = "Xcode 9.3";
			developmentRegion = en;
			hasScannedForEncodings = 0;
			knownRegions = (
				en,
				Base,
			);
			mainGroup = CEF71EB1243120AF00056A88;
			productRefGroup = CEF71EBB243120AF00056A88 /* Products */;
			projectDirPath = "";
			projectRoot = "";
			targets = (
				CEF71EB9243120AF00056A88 /* RouteTracker */,
				CEF71ECF243120B100056A88 /* RouteTrackerTests */,
				CEF71EDA243120B100056A88 /* RouteTrackerUITests */,
			);
		};
/* End PBXProject section */

/* Begin PBXResourcesBuildPhase section */
		CEF71EB8243120AF00056A88 /* Resources */ = {
			isa = PBXResourcesBuildPhase;
			buildActionMask = 2147483647;
			files = (
				CEF71ECA243120B100056A88 /* LaunchScreen.storyboard in Resources */,
				CEF71EC7243120B100056A88 /* Assets.xcassets in Resources */,
				CEF71EC5243120AF00056A88 /* Main.storyboard in Resources */,
			);
			runOnlyForDeploymentPostprocessing = 0;
		};
		CEF71ECE243120B100056A88 /* Resources */ = {
			isa = PBXResourcesBuildPhase;
			buildActionMask = 2147483647;
			files = (
			);
			runOnlyForDeploymentPostprocessing = 0;
		};
		CEF71ED9243120B100056A88 /* Resources */ = {
			isa = PBXResourcesBuildPhase;
			buildActionMask = 2147483647;
			files = (
			);
			runOnlyForDeploymentPostprocessing = 0;
		};
/* End PBXResourcesBuildPhase section */

/* Begin PBXShellScriptBuildPhase section */
		0B63AC2657F637ECFA999DDD /* [CP] Copy Pods Resources */ = {
			isa = PBXShellScriptBuildPhase;
			buildActionMask = 2147483647;
			files = (
			);
			inputFileListPaths = (
				"${PODS_ROOT}/Target Support Files/Pods-RouteTracker/Pods-RouteTracker-resources-${CONFIGURATION}-input-files.xcfilelist",
			);
			name = "[CP] Copy Pods Resources";
			outputFileListPaths = (
				"${PODS_ROOT}/Target Support Files/Pods-RouteTracker/Pods-RouteTracker-resources-${CONFIGURATION}-output-files.xcfilelist",
			);
			runOnlyForDeploymentPostprocessing = 0;
			shellPath = /bin/sh;
			shellScript = "\"${PODS_ROOT}/Target Support Files/Pods-RouteTracker/Pods-RouteTracker-resources.sh\"\n";
			showEnvVarsInLog = 0;
		};
		37F2D7CEFB6FF128F2A9560E /* [CP] Check Pods Manifest.lock */ = {
			isa = PBXShellScriptBuildPhase;
			buildActionMask = 2147483647;
			files = (
			);
			inputFileListPaths = (
			);
			inputPaths = (
				"${PODS_PODFILE_DIR_PATH}/Podfile.lock",
				"${PODS_ROOT}/Manifest.lock",
			);
			name = "[CP] Check Pods Manifest.lock";
			outputFileListPaths = (
			);
			outputPaths = (
				"$(DERIVED_FILE_DIR)/Pods-RouteTracker-RouteTrackerUITests-checkManifestLockResult.txt",
			);
			runOnlyForDeploymentPostprocessing = 0;
			shellPath = /bin/sh;
			shellScript = "diff \"${PODS_PODFILE_DIR_PATH}/Podfile.lock\" \"${PODS_ROOT}/Manifest.lock\" > /dev/null\nif [ $? != 0 ] ; then\n    # print error to STDERR\n    echo \"error: The sandbox is not in sync with the Podfile.lock. Run 'pod install' or update your CocoaPods installation.\" >&2\n    exit 1\nfi\n# This output is used by Xcode 'outputs' to avoid re-running this script phase.\necho \"SUCCESS\" > \"${SCRIPT_OUTPUT_FILE_0}\"\n";
			showEnvVarsInLog = 0;
		};
		3E34B9D03EA7FE65642438BF /* [CP] Copy Pods Resources */ = {
			isa = PBXShellScriptBuildPhase;
			buildActionMask = 2147483647;
			files = (
			);
			inputFileListPaths = (
				"${PODS_ROOT}/Target Support Files/Pods-RouteTracker-RouteTrackerUITests/Pods-RouteTracker-RouteTrackerUITests-resources-${CONFIGURATION}-input-files.xcfilelist",
			);
			name = "[CP] Copy Pods Resources";
			outputFileListPaths = (
				"${PODS_ROOT}/Target Support Files/Pods-RouteTracker-RouteTrackerUITests/Pods-RouteTracker-RouteTrackerUITests-resources-${CONFIGURATION}-output-files.xcfilelist",
			);
			runOnlyForDeploymentPostprocessing = 0;
			shellPath = /bin/sh;
			shellScript = "\"${PODS_ROOT}/Target Support Files/Pods-RouteTracker-RouteTrackerUITests/Pods-RouteTracker-RouteTrackerUITests-resources.sh\"\n";
			showEnvVarsInLog = 0;
		};
		72FA51CEA4C446770C1FD57C /* [CP] Check Pods Manifest.lock */ = {
			isa = PBXShellScriptBuildPhase;
			buildActionMask = 2147483647;
			files = (
			);
			inputFileListPaths = (
			);
			inputPaths = (
				"${PODS_PODFILE_DIR_PATH}/Podfile.lock",
				"${PODS_ROOT}/Manifest.lock",
			);
			name = "[CP] Check Pods Manifest.lock";
			outputFileListPaths = (
			);
			outputPaths = (
				"$(DERIVED_FILE_DIR)/Pods-RouteTrackerTests-checkManifestLockResult.txt",
			);
			runOnlyForDeploymentPostprocessing = 0;
			shellPath = /bin/sh;
			shellScript = "diff \"${PODS_PODFILE_DIR_PATH}/Podfile.lock\" \"${PODS_ROOT}/Manifest.lock\" > /dev/null\nif [ $? != 0 ] ; then\n    # print error to STDERR\n    echo \"error: The sandbox is not in sync with the Podfile.lock. Run 'pod install' or update your CocoaPods installation.\" >&2\n    exit 1\nfi\n# This output is used by Xcode 'outputs' to avoid re-running this script phase.\necho \"SUCCESS\" > \"${SCRIPT_OUTPUT_FILE_0}\"\n";
			showEnvVarsInLog = 0;
		};
		AE4E50BB148B7499C8D74AF1 /* [CP] Check Pods Manifest.lock */ = {
			isa = PBXShellScriptBuildPhase;
			buildActionMask = 2147483647;
			files = (
			);
			inputFileListPaths = (
			);
			inputPaths = (
				"${PODS_PODFILE_DIR_PATH}/Podfile.lock",
				"${PODS_ROOT}/Manifest.lock",
			);
			name = "[CP] Check Pods Manifest.lock";
			outputFileListPaths = (
			);
			outputPaths = (
				"$(DERIVED_FILE_DIR)/Pods-RouteTracker-checkManifestLockResult.txt",
			);
			runOnlyForDeploymentPostprocessing = 0;
			shellPath = /bin/sh;
			shellScript = "diff \"${PODS_PODFILE_DIR_PATH}/Podfile.lock\" \"${PODS_ROOT}/Manifest.lock\" > /dev/null\nif [ $? != 0 ] ; then\n    # print error to STDERR\n    echo \"error: The sandbox is not in sync with the Podfile.lock. Run 'pod install' or update your CocoaPods installation.\" >&2\n    exit 1\nfi\n# This output is used by Xcode 'outputs' to avoid re-running this script phase.\necho \"SUCCESS\" > \"${SCRIPT_OUTPUT_FILE_0}\"\n";
			showEnvVarsInLog = 0;
		};
/* End PBXShellScriptBuildPhase section */

/* Begin PBXSourcesBuildPhase section */
		CEF71EB6243120AF00056A88 /* Sources */ = {
			isa = PBXSourcesBuildPhase;
			buildActionMask = 2147483647;
			files = (
				CE61FF53243125BA007F2413 /* GoogleMapView.swift in Sources */,
				CEF71EC2243120AF00056A88 /* ViewController.swift in Sources */,
				CE61FF592431360D007F2413 /* LocationManager.swift in Sources */,
				CEF71EBE243120AF00056A88 /* AppDelegate.swift in Sources */,
				CE61FF552431330E007F2413 /* HeaderControlView.swift in Sources */,
				CEF71EC0243120AF00056A88 /* SceneDelegate.swift in Sources */,
			);
			runOnlyForDeploymentPostprocessing = 0;
		};
		CEF71ECC243120B100056A88 /* Sources */ = {
			isa = PBXSourcesBuildPhase;
			buildActionMask = 2147483647;
			files = (
				CEF71ED5243120B100056A88 /* RouteTrackerTests.swift in Sources */,
			);
			runOnlyForDeploymentPostprocessing = 0;
		};
		CEF71ED7243120B100056A88 /* Sources */ = {
			isa = PBXSourcesBuildPhase;
			buildActionMask = 2147483647;
			files = (
				CEF71EE0243120B100056A88 /* RouteTrackerUITests.swift in Sources */,
			);
			runOnlyForDeploymentPostprocessing = 0;
		};
/* End PBXSourcesBuildPhase section */

/* Begin PBXTargetDependency section */
		CEF71ED2243120B100056A88 /* PBXTargetDependency */ = {
			isa = PBXTargetDependency;
			target = CEF71EB9243120AF00056A88 /* RouteTracker */;
			targetProxy = CEF71ED1243120B100056A88 /* PBXContainerItemProxy */;
		};
		CEF71EDD243120B100056A88 /* PBXTargetDependency */ = {
			isa = PBXTargetDependency;
			target = CEF71EB9243120AF00056A88 /* RouteTracker */;
			targetProxy = CEF71EDC243120B100056A88 /* PBXContainerItemProxy */;
		};
/* End PBXTargetDependency section */

/* Begin PBXVariantGroup section */
		CEF71EC3243120AF00056A88 /* Main.storyboard */ = {
			isa = PBXVariantGroup;
			children = (
				CEF71EC4243120AF00056A88 /* Base */,
			);
			name = Main.storyboard;
			sourceTree = "<group>";
		};
		CEF71EC8243120B100056A88 /* LaunchScreen.storyboard */ = {
			isa = PBXVariantGroup;
			children = (
				CEF71EC9243120B100056A88 /* Base */,
			);
			name = LaunchScreen.storyboard;
			sourceTree = "<group>";
		};
/* End PBXVariantGroup section */

/* Begin XCBuildConfiguration section */
		CEF71EE2243120B100056A88 /* Debug */ = {
			isa = XCBuildConfiguration;
			buildSettings = {
				ALWAYS_SEARCH_USER_PATHS = NO;
				CLANG_ANALYZER_NONNULL = YES;
				CLANG_ANALYZER_NUMBER_OBJECT_CONVERSION = YES_AGGRESSIVE;
				CLANG_CXX_LANGUAGE_STANDARD = "gnu++14";
				CLANG_CXX_LIBRARY = "libc++";
				CLANG_ENABLE_MODULES = YES;
				CLANG_ENABLE_OBJC_ARC = YES;
				CLANG_ENABLE_OBJC_WEAK = YES;
				CLANG_WARN_BLOCK_CAPTURE_AUTORELEASING = YES;
				CLANG_WARN_BOOL_CONVERSION = YES;
				CLANG_WARN_COMMA = YES;
				CLANG_WARN_CONSTANT_CONVERSION = YES;
				CLANG_WARN_DEPRECATED_OBJC_IMPLEMENTATIONS = YES;
				CLANG_WARN_DIRECT_OBJC_ISA_USAGE = YES_ERROR;
				CLANG_WARN_DOCUMENTATION_COMMENTS = YES;
				CLANG_WARN_EMPTY_BODY = YES;
				CLANG_WARN_ENUM_CONVERSION = YES;
				CLANG_WARN_INFINITE_RECURSION = YES;
				CLANG_WARN_INT_CONVERSION = YES;
				CLANG_WARN_NON_LITERAL_NULL_CONVERSION = YES;
				CLANG_WARN_OBJC_IMPLICIT_RETAIN_SELF = YES;
				CLANG_WARN_OBJC_LITERAL_CONVERSION = YES;
				CLANG_WARN_OBJC_ROOT_CLASS = YES_ERROR;
				CLANG_WARN_RANGE_LOOP_ANALYSIS = YES;
				CLANG_WARN_STRICT_PROTOTYPES = YES;
				CLANG_WARN_SUSPICIOUS_MOVE = YES;
				CLANG_WARN_UNGUARDED_AVAILABILITY = YES_AGGRESSIVE;
				CLANG_WARN_UNREACHABLE_CODE = YES;
				CLANG_WARN__DUPLICATE_METHOD_MATCH = YES;
				COPY_PHASE_STRIP = NO;
				DEBUG_INFORMATION_FORMAT = dwarf;
				ENABLE_STRICT_OBJC_MSGSEND = YES;
				ENABLE_TESTABILITY = YES;
				GCC_C_LANGUAGE_STANDARD = gnu11;
				GCC_DYNAMIC_NO_PIC = NO;
				GCC_NO_COMMON_BLOCKS = YES;
				GCC_OPTIMIZATION_LEVEL = 0;
				GCC_PREPROCESSOR_DEFINITIONS = (
					"DEBUG=1",
					"$(inherited)",
				);
				GCC_WARN_64_TO_32_BIT_CONVERSION = YES;
				GCC_WARN_ABOUT_RETURN_TYPE = YES_ERROR;
				GCC_WARN_UNDECLARED_SELECTOR = YES;
				GCC_WARN_UNINITIALIZED_AUTOS = YES_AGGRESSIVE;
				GCC_WARN_UNUSED_FUNCTION = YES;
				GCC_WARN_UNUSED_VARIABLE = YES;
				IPHONEOS_DEPLOYMENT_TARGET = 13.4;
				MTL_ENABLE_DEBUG_INFO = INCLUDE_SOURCE;
				MTL_FAST_MATH = YES;
				ONLY_ACTIVE_ARCH = YES;
				SDKROOT = iphoneos;
				SWIFT_ACTIVE_COMPILATION_CONDITIONS = DEBUG;
				SWIFT_OPTIMIZATION_LEVEL = "-Onone";
			};
			name = Debug;
		};
		CEF71EE3243120B100056A88 /* Release */ = {
			isa = XCBuildConfiguration;
			buildSettings = {
				ALWAYS_SEARCH_USER_PATHS = NO;
				CLANG_ANALYZER_NONNULL = YES;
				CLANG_ANALYZER_NUMBER_OBJECT_CONVERSION = YES_AGGRESSIVE;
				CLANG_CXX_LANGUAGE_STANDARD = "gnu++14";
				CLANG_CXX_LIBRARY = "libc++";
				CLANG_ENABLE_MODULES = YES;
				CLANG_ENABLE_OBJC_ARC = YES;
				CLANG_ENABLE_OBJC_WEAK = YES;
				CLANG_WARN_BLOCK_CAPTURE_AUTORELEASING = YES;
				CLANG_WARN_BOOL_CONVERSION = YES;
				CLANG_WARN_COMMA = YES;
				CLANG_WARN_CONSTANT_CONVERSION = YES;
				CLANG_WARN_DEPRECATED_OBJC_IMPLEMENTATIONS = YES;
				CLANG_WARN_DIRECT_OBJC_ISA_USAGE = YES_ERROR;
				CLANG_WARN_DOCUMENTATION_COMMENTS = YES;
				CLANG_WARN_EMPTY_BODY = YES;
				CLANG_WARN_ENUM_CONVERSION = YES;
				CLANG_WARN_INFINITE_RECURSION = YES;
				CLANG_WARN_INT_CONVERSION = YES;
				CLANG_WARN_NON_LITERAL_NULL_CONVERSION = YES;
				CLANG_WARN_OBJC_IMPLICIT_RETAIN_SELF = YES;
				CLANG_WARN_OBJC_LITERAL_CONVERSION = YES;
				CLANG_WARN_OBJC_ROOT_CLASS = YES_ERROR;
				CLANG_WARN_RANGE_LOOP_ANALYSIS = YES;
				CLANG_WARN_STRICT_PROTOTYPES = YES;
				CLANG_WARN_SUSPICIOUS_MOVE = YES;
				CLANG_WARN_UNGUARDED_AVAILABILITY = YES_AGGRESSIVE;
				CLANG_WARN_UNREACHABLE_CODE = YES;
				CLANG_WARN__DUPLICATE_METHOD_MATCH = YES;
				COPY_PHASE_STRIP = NO;
				DEBUG_INFORMATION_FORMAT = "dwarf-with-dsym";
				ENABLE_NS_ASSERTIONS = NO;
				ENABLE_STRICT_OBJC_MSGSEND = YES;
				GCC_C_LANGUAGE_STANDARD = gnu11;
				GCC_NO_COMMON_BLOCKS = YES;
				GCC_WARN_64_TO_32_BIT_CONVERSION = YES;
				GCC_WARN_ABOUT_RETURN_TYPE = YES_ERROR;
				GCC_WARN_UNDECLARED_SELECTOR = YES;
				GCC_WARN_UNINITIALIZED_AUTOS = YES_AGGRESSIVE;
				GCC_WARN_UNUSED_FUNCTION = YES;
				GCC_WARN_UNUSED_VARIABLE = YES;
				IPHONEOS_DEPLOYMENT_TARGET = 13.4;
				MTL_ENABLE_DEBUG_INFO = NO;
				MTL_FAST_MATH = YES;
				SDKROOT = iphoneos;
				SWIFT_COMPILATION_MODE = wholemodule;
				SWIFT_OPTIMIZATION_LEVEL = "-O";
				VALIDATE_PRODUCT = YES;
			};
			name = Release;
		};
		CEF71EE5243120B100056A88 /* Debug */ = {
			isa = XCBuildConfiguration;
			baseConfigurationReference = 35394742E485C5BBA4A2103E /* Pods-RouteTracker.debug.xcconfig */;
			buildSettings = {
				ASSETCATALOG_COMPILER_APPICON_NAME = AppIcon;
				CODE_SIGN_STYLE = Automatic;
				INFOPLIST_FILE = RouteTracker/Info.plist;
				LD_RUNPATH_SEARCH_PATHS = (
					"$(inherited)",
					"@executable_path/Frameworks",
				);
				PRODUCT_BUNDLE_IDENTIFIER = com.igorlab.RouteTracker;
				PRODUCT_NAME = "$(TARGET_NAME)";
				SWIFT_VERSION = 5.0;
				TARGETED_DEVICE_FAMILY = "1,2";
			};
			name = Debug;
		};
		CEF71EE6243120B100056A88 /* Release */ = {
			isa = XCBuildConfiguration;
			baseConfigurationReference = 3FFBB09D37E4B3384E8A2655 /* Pods-RouteTracker.release.xcconfig */;
			buildSettings = {
				ASSETCATALOG_COMPILER_APPICON_NAME = AppIcon;
				CODE_SIGN_STYLE = Automatic;
				INFOPLIST_FILE = RouteTracker/Info.plist;
				LD_RUNPATH_SEARCH_PATHS = (
					"$(inherited)",
					"@executable_path/Frameworks",
				);
				PRODUCT_BUNDLE_IDENTIFIER = com.igorlab.RouteTracker;
				PRODUCT_NAME = "$(TARGET_NAME)";
				SWIFT_VERSION = 5.0;
				TARGETED_DEVICE_FAMILY = "1,2";
			};
			name = Release;
		};
		CEF71EE8243120B100056A88 /* Debug */ = {
			isa = XCBuildConfiguration;
			baseConfigurationReference = 9ADAB5EDCA432C27BE41D0B2 /* Pods-RouteTrackerTests.debug.xcconfig */;
			buildSettings = {
				ALWAYS_EMBED_SWIFT_STANDARD_LIBRARIES = YES;
				BUNDLE_LOADER = "$(TEST_HOST)";
				CODE_SIGN_STYLE = Automatic;
				INFOPLIST_FILE = RouteTrackerTests/Info.plist;
				IPHONEOS_DEPLOYMENT_TARGET = 13.4;
				LD_RUNPATH_SEARCH_PATHS = (
					"$(inherited)",
					"@executable_path/Frameworks",
					"@loader_path/Frameworks",
				);
				PRODUCT_BUNDLE_IDENTIFIER = com.igorlab.RouteTrackerTests;
				PRODUCT_NAME = "$(TARGET_NAME)";
				SWIFT_VERSION = 5.0;
				TARGETED_DEVICE_FAMILY = "1,2";
				TEST_HOST = "$(BUILT_PRODUCTS_DIR)/RouteTracker.app/RouteTracker";
			};
			name = Debug;
		};
		CEF71EE9243120B100056A88 /* Release */ = {
			isa = XCBuildConfiguration;
			baseConfigurationReference = 7E02F5AC75CCE8FD97B368B2 /* Pods-RouteTrackerTests.release.xcconfig */;
			buildSettings = {
				ALWAYS_EMBED_SWIFT_STANDARD_LIBRARIES = YES;
				BUNDLE_LOADER = "$(TEST_HOST)";
				CODE_SIGN_STYLE = Automatic;
				INFOPLIST_FILE = RouteTrackerTests/Info.plist;
				IPHONEOS_DEPLOYMENT_TARGET = 13.4;
				LD_RUNPATH_SEARCH_PATHS = (
					"$(inherited)",
					"@executable_path/Frameworks",
					"@loader_path/Frameworks",
				);
				PRODUCT_BUNDLE_IDENTIFIER = com.igorlab.RouteTrackerTests;
				PRODUCT_NAME = "$(TARGET_NAME)";
				SWIFT_VERSION = 5.0;
				TARGETED_DEVICE_FAMILY = "1,2";
				TEST_HOST = "$(BUILT_PRODUCTS_DIR)/RouteTracker.app/RouteTracker";
			};
			name = Release;
		};
		CEF71EEB243120B100056A88 /* Debug */ = {
			isa = XCBuildConfiguration;
			baseConfigurationReference = 3D7670B47A2B6119C81439AC /* Pods-RouteTracker-RouteTrackerUITests.debug.xcconfig */;
			buildSettings = {
				ALWAYS_EMBED_SWIFT_STANDARD_LIBRARIES = YES;
				CODE_SIGN_STYLE = Automatic;
				INFOPLIST_FILE = RouteTrackerUITests/Info.plist;
				LD_RUNPATH_SEARCH_PATHS = (
					"$(inherited)",
					"@executable_path/Frameworks",
					"@loader_path/Frameworks",
				);
				PRODUCT_BUNDLE_IDENTIFIER = com.igorlab.RouteTrackerUITests;
				PRODUCT_NAME = "$(TARGET_NAME)";
				SWIFT_VERSION = 5.0;
				TARGETED_DEVICE_FAMILY = "1,2";
				TEST_TARGET_NAME = RouteTracker;
			};
			name = Debug;
		};
		CEF71EEC243120B100056A88 /* Release */ = {
			isa = XCBuildConfiguration;
			baseConfigurationReference = 481C967FB72E9B8678818ABD /* Pods-RouteTracker-RouteTrackerUITests.release.xcconfig */;
			buildSettings = {
				ALWAYS_EMBED_SWIFT_STANDARD_LIBRARIES = YES;
				CODE_SIGN_STYLE = Automatic;
				INFOPLIST_FILE = RouteTrackerUITests/Info.plist;
				LD_RUNPATH_SEARCH_PATHS = (
					"$(inherited)",
					"@executable_path/Frameworks",
					"@loader_path/Frameworks",
				);
				PRODUCT_BUNDLE_IDENTIFIER = com.igorlab.RouteTrackerUITests;
				PRODUCT_NAME = "$(TARGET_NAME)";
				SWIFT_VERSION = 5.0;
				TARGETED_DEVICE_FAMILY = "1,2";
				TEST_TARGET_NAME = RouteTracker;
			};
			name = Release;
		};
/* End XCBuildConfiguration section */

/* Begin XCConfigurationList section */
		CEF71EB5243120AF00056A88 /* Build configuration list for PBXProject "RouteTracker" */ = {
			isa = XCConfigurationList;
			buildConfigurations = (
				CEF71EE2243120B100056A88 /* Debug */,
				CEF71EE3243120B100056A88 /* Release */,
			);
			defaultConfigurationIsVisible = 0;
			defaultConfigurationName = Release;
		};
		CEF71EE4243120B100056A88 /* Build configuration list for PBXNativeTarget "RouteTracker" */ = {
			isa = XCConfigurationList;
			buildConfigurations = (
				CEF71EE5243120B100056A88 /* Debug */,
				CEF71EE6243120B100056A88 /* Release */,
			);
			defaultConfigurationIsVisible = 0;
			defaultConfigurationName = Release;
		};
		CEF71EE7243120B100056A88 /* Build configuration list for PBXNativeTarget "RouteTrackerTests" */ = {
			isa = XCConfigurationList;
			buildConfigurations = (
				CEF71EE8243120B100056A88 /* Debug */,
				CEF71EE9243120B100056A88 /* Release */,
			);
			defaultConfigurationIsVisible = 0;
			defaultConfigurationName = Release;
		};
		CEF71EEA243120B100056A88 /* Build configuration list for PBXNativeTarget "RouteTrackerUITests" */ = {
			isa = XCConfigurationList;
			buildConfigurations = (
				CEF71EEB243120B100056A88 /* Debug */,
				CEF71EEC243120B100056A88 /* Release */,
			);
			defaultConfigurationIsVisible = 0;
			defaultConfigurationName = Release;
		};
/* End XCConfigurationList section */
	};
	rootObject = CEF71EB2243120AF00056A88 /* Project object */;
}
